// !$*UTF8*$!
{
	archiveVersion = 1;
	classes = {
	};
	objectVersion = 50;
	objects = {

/* Begin PBXBuildFile section */
		1D29793C2272183400BF471F /* BLEScannerTableViewController.swift in Sources */ = {isa = PBXBuildFile; fileRef = 1D29793B2272183400BF471F /* BLEScannerTableViewController.swift */; };
		1D2A21C6226F647D00C2CB9D /* BluetoothSerial.swift in Sources */ = {isa = PBXBuildFile; fileRef = 1D2A21C5226F647D00C2CB9D /* BluetoothSerial.swift */; };
		1D66A5AF2257A0FF00600D99 /* AppDelegate.swift in Sources */ = {isa = PBXBuildFile; fileRef = 1D66A5AE2257A0FF00600D99 /* AppDelegate.swift */; };
		1D66A5B12257A0FF00600D99 /* TelefocusViewController.swift in Sources */ = {isa = PBXBuildFile; fileRef = 1D66A5B02257A0FF00600D99 /* TelefocusViewController.swift */; };
		1D66A5B42257A0FF00600D99 /* Main.storyboard in Resources */ = {isa = PBXBuildFile; fileRef = 1D66A5B22257A0FF00600D99 /* Main.storyboard */; };
		1D66A5B62257A10100600D99 /* Assets.xcassets in Resources */ = {isa = PBXBuildFile; fileRef = 1D66A5B52257A10100600D99 /* Assets.xcassets */; };
		1D66A5B92257A10100600D99 /* LaunchScreen.storyboard in Resources */ = {isa = PBXBuildFile; fileRef = 1D66A5B72257A10100600D99 /* LaunchScreen.storyboard */; };
		1D9CA70222A442E600A03D2F /* TelefocusTests.swift in Sources */ = {isa = PBXBuildFile; fileRef = 1D9CA70122A442E600A03D2F /* TelefocusTests.swift */; };
		1DB821B122AAD35700437DD3 /* Interface.storyboard in Resources */ = {isa = PBXBuildFile; fileRef = 1DB821AF22AAD35700437DD3 /* Interface.storyboard */; };
		1DB821B322AAD35800437DD3 /* Assets.xcassets in Resources */ = {isa = PBXBuildFile; fileRef = 1DB821B222AAD35800437DD3 /* Assets.xcassets */; };
		1DB821BA22AAD35800437DD3 /* Telefocus-Watch Extension.appex in Embed App Extensions */ = {isa = PBXBuildFile; fileRef = 1DB821B922AAD35800437DD3 /* Telefocus-Watch Extension.appex */; settings = {ATTRIBUTES = (RemoveHeadersOnCopy, ); }; };
		1DB821BF22AAD35800437DD3 /* InterfaceController.swift in Sources */ = {isa = PBXBuildFile; fileRef = 1DB821BE22AAD35800437DD3 /* InterfaceController.swift */; };
		1DB821C122AAD35800437DD3 /* ExtensionDelegate.swift in Sources */ = {isa = PBXBuildFile; fileRef = 1DB821C022AAD35800437DD3 /* ExtensionDelegate.swift */; };
		1DB821C322AAD35900437DD3 /* Assets.xcassets in Resources */ = {isa = PBXBuildFile; fileRef = 1DB821C222AAD35900437DD3 /* Assets.xcassets */; };
		1DB821C722AAD35900437DD3 /* Telefocus-Watch.app in Embed Watch Content */ = {isa = PBXBuildFile; fileRef = 1DB821AD22AAD35700437DD3 /* Telefocus-Watch.app */; };
		E38D9E5AE117742D0CE65D01 /* Pods_Telefocus.framework in Frameworks */ = {isa = PBXBuildFile; fileRef = 75874C344D0BF484D84B3100 /* Pods_Telefocus.framework */; };
/* End PBXBuildFile section */

/* Begin PBXContainerItemProxy section */
		1D9CA70422A442E600A03D2F /* PBXContainerItemProxy */ = {
			isa = PBXContainerItemProxy;
			containerPortal = 1D66A5A32257A0FF00600D99 /* Project object */;
			proxyType = 1;
			remoteGlobalIDString = 1D66A5AA2257A0FF00600D99;
			remoteInfo = Telefocus;
		};
		1DB821BB22AAD35800437DD3 /* PBXContainerItemProxy */ = {
			isa = PBXContainerItemProxy;
			containerPortal = 1D66A5A32257A0FF00600D99 /* Project object */;
			proxyType = 1;
			remoteGlobalIDString = 1DB821B822AAD35800437DD3;
			remoteInfo = "Telefocus-Watch Extension";
		};
		1DB821C522AAD35900437DD3 /* PBXContainerItemProxy */ = {
			isa = PBXContainerItemProxy;
			containerPortal = 1D66A5A32257A0FF00600D99 /* Project object */;
			proxyType = 1;
			remoteGlobalIDString = 1DB821AC22AAD35700437DD3;
			remoteInfo = "Telefocus-Watch";
		};
/* End PBXContainerItemProxy section */

/* Begin PBXCopyFilesBuildPhase section */
		1DB821CD22AAD35900437DD3 /* Embed App Extensions */ = {
			isa = PBXCopyFilesBuildPhase;
			buildActionMask = 2147483647;
			dstPath = "";
			dstSubfolderSpec = 13;
			files = (
				1DB821BA22AAD35800437DD3 /* Telefocus-Watch Extension.appex in Embed App Extensions */,
			);
			name = "Embed App Extensions";
			runOnlyForDeploymentPostprocessing = 0;
		};
		1DB821CF22AAD35900437DD3 /* Embed Watch Content */ = {
			isa = PBXCopyFilesBuildPhase;
			buildActionMask = 2147483647;
			dstPath = "$(CONTENTS_FOLDER_PATH)/Watch";
			dstSubfolderSpec = 16;
			files = (
				1DB821C722AAD35900437DD3 /* Telefocus-Watch.app in Embed Watch Content */,
			);
			name = "Embed Watch Content";
			runOnlyForDeploymentPostprocessing = 0;
		};
/* End PBXCopyFilesBuildPhase section */

/* Begin PBXFileReference section */
		1D29793B2272183400BF471F /* BLEScannerTableViewController.swift */ = {isa = PBXFileReference; lastKnownFileType = sourcecode.swift; path = BLEScannerTableViewController.swift; sourceTree = "<group>"; };
		1D2A21C5226F647D00C2CB9D /* BluetoothSerial.swift */ = {isa = PBXFileReference; lastKnownFileType = sourcecode.swift; path = BluetoothSerial.swift; sourceTree = "<group>"; };
		1D66A5AB2257A0FF00600D99 /* Telefocus.app */ = {isa = PBXFileReference; explicitFileType = wrapper.application; includeInIndex = 0; path = Telefocus.app; sourceTree = BUILT_PRODUCTS_DIR; };
		1D66A5AE2257A0FF00600D99 /* AppDelegate.swift */ = {isa = PBXFileReference; lastKnownFileType = sourcecode.swift; path = AppDelegate.swift; sourceTree = "<group>"; };
		1D66A5B02257A0FF00600D99 /* TelefocusViewController.swift */ = {isa = PBXFileReference; lastKnownFileType = sourcecode.swift; path = TelefocusViewController.swift; sourceTree = "<group>"; };
		1D66A5B32257A0FF00600D99 /* Base */ = {isa = PBXFileReference; lastKnownFileType = file.storyboard; name = Base; path = Base.lproj/Main.storyboard; sourceTree = "<group>"; };
		1D66A5B52257A10100600D99 /* Assets.xcassets */ = {isa = PBXFileReference; lastKnownFileType = folder.assetcatalog; path = Assets.xcassets; sourceTree = "<group>"; };
		1D66A5B82257A10100600D99 /* Base */ = {isa = PBXFileReference; lastKnownFileType = file.storyboard; name = Base; path = Base.lproj/LaunchScreen.storyboard; sourceTree = "<group>"; };
		1D66A5BA2257A10100600D99 /* Info.plist */ = {isa = PBXFileReference; lastKnownFileType = text.plist.xml; path = Info.plist; sourceTree = "<group>"; };
		1D9CA6FF22A442E600A03D2F /* TelefocusTests.xctest */ = {isa = PBXFileReference; explicitFileType = wrapper.cfbundle; includeInIndex = 0; path = TelefocusTests.xctest; sourceTree = BUILT_PRODUCTS_DIR; };
		1D9CA70122A442E600A03D2F /* TelefocusTests.swift */ = {isa = PBXFileReference; lastKnownFileType = sourcecode.swift; path = TelefocusTests.swift; sourceTree = "<group>"; };
		1D9CA70322A442E600A03D2F /* Info.plist */ = {isa = PBXFileReference; lastKnownFileType = text.plist.xml; path = Info.plist; sourceTree = "<group>"; };
		1DB821AD22AAD35700437DD3 /* Telefocus-Watch.app */ = {isa = PBXFileReference; explicitFileType = wrapper.application; includeInIndex = 0; path = "Telefocus-Watch.app"; sourceTree = BUILT_PRODUCTS_DIR; };
		1DB821B022AAD35700437DD3 /* Base */ = {isa = PBXFileReference; lastKnownFileType = file.storyboard; name = Base; path = Base.lproj/Interface.storyboard; sourceTree = "<group>"; };
		1DB821B222AAD35800437DD3 /* Assets.xcassets */ = {isa = PBXFileReference; lastKnownFileType = folder.assetcatalog; path = Assets.xcassets; sourceTree = "<group>"; };
		1DB821B422AAD35800437DD3 /* Info.plist */ = {isa = PBXFileReference; lastKnownFileType = text.plist.xml; path = Info.plist; sourceTree = "<group>"; };
		1DB821B922AAD35800437DD3 /* Telefocus-Watch Extension.appex */ = {isa = PBXFileReference; explicitFileType = "wrapper.app-extension"; includeInIndex = 0; path = "Telefocus-Watch Extension.appex"; sourceTree = BUILT_PRODUCTS_DIR; };
		1DB821BE22AAD35800437DD3 /* InterfaceController.swift */ = {isa = PBXFileReference; lastKnownFileType = sourcecode.swift; path = InterfaceController.swift; sourceTree = "<group>"; };
		1DB821C022AAD35800437DD3 /* ExtensionDelegate.swift */ = {isa = PBXFileReference; lastKnownFileType = sourcecode.swift; path = ExtensionDelegate.swift; sourceTree = "<group>"; };
		1DB821C222AAD35900437DD3 /* Assets.xcassets */ = {isa = PBXFileReference; lastKnownFileType = folder.assetcatalog; path = Assets.xcassets; sourceTree = "<group>"; };
		1DB821C422AAD35900437DD3 /* Info.plist */ = {isa = PBXFileReference; lastKnownFileType = text.plist.xml; path = Info.plist; sourceTree = "<group>"; };
		75874C344D0BF484D84B3100 /* Pods_Telefocus.framework */ = {isa = PBXFileReference; explicitFileType = wrapper.framework; includeInIndex = 0; path = Pods_Telefocus.framework; sourceTree = BUILT_PRODUCTS_DIR; };
		E04F32495C9E44C8B18CD788 /* Pods-Telefocus.release.xcconfig */ = {isa = PBXFileReference; includeInIndex = 1; lastKnownFileType = text.xcconfig; name = "Pods-Telefocus.release.xcconfig"; path = "Target Support Files/Pods-Telefocus/Pods-Telefocus.release.xcconfig"; sourceTree = "<group>"; };
		EAD4BB34312781351733794F /* Pods-Telefocus.debug.xcconfig */ = {isa = PBXFileReference; includeInIndex = 1; lastKnownFileType = text.xcconfig; name = "Pods-Telefocus.debug.xcconfig"; path = "Target Support Files/Pods-Telefocus/Pods-Telefocus.debug.xcconfig"; sourceTree = "<group>"; };
/* End PBXFileReference section */

/* Begin PBXFrameworksBuildPhase section */
		1D66A5A82257A0FF00600D99 /* Frameworks */ = {
			isa = PBXFrameworksBuildPhase;
			buildActionMask = 2147483647;
			files = (
				E38D9E5AE117742D0CE65D01 /* Pods_Telefocus.framework in Frameworks */,
			);
			runOnlyForDeploymentPostprocessing = 0;
		};
		1D9CA6FC22A442E600A03D2F /* Frameworks */ = {
			isa = PBXFrameworksBuildPhase;
			buildActionMask = 2147483647;
			files = (
			);
			runOnlyForDeploymentPostprocessing = 0;
		};
		1DB821B622AAD35800437DD3 /* Frameworks */ = {
			isa = PBXFrameworksBuildPhase;
			buildActionMask = 2147483647;
			files = (
			);
			runOnlyForDeploymentPostprocessing = 0;
		};
/* End PBXFrameworksBuildPhase section */

/* Begin PBXGroup section */
		1D66A5A22257A0FF00600D99 = {
			isa = PBXGroup;
			children = (
				1D66A5AD2257A0FF00600D99 /* Telefocus */,
				1D9CA70022A442E600A03D2F /* TelefocusTests */,
				1DB821AE22AAD35700437DD3 /* Telefocus-Watch */,
				1DB821BD22AAD35800437DD3 /* Telefocus-Watch Extension */,
				1D66A5AC2257A0FF00600D99 /* Products */,
				932F8BC809AE8D726E8AA01D /* Pods */,
				F3C12245340DB75FA61142C1 /* Frameworks */,
			);
			sourceTree = "<group>";
		};
		1D66A5AC2257A0FF00600D99 /* Products */ = {
			isa = PBXGroup;
			children = (
				1D66A5AB2257A0FF00600D99 /* Telefocus.app */,
				1D9CA6FF22A442E600A03D2F /* TelefocusTests.xctest */,
				1DB821AD22AAD35700437DD3 /* Telefocus-Watch.app */,
				1DB821B922AAD35800437DD3 /* Telefocus-Watch Extension.appex */,
			);
			name = Products;
			sourceTree = "<group>";
		};
		1D66A5AD2257A0FF00600D99 /* Telefocus */ = {
			isa = PBXGroup;
			children = (
				1D66A5AE2257A0FF00600D99 /* AppDelegate.swift */,
				1D66A5B02257A0FF00600D99 /* TelefocusViewController.swift */,
				1D66A5B22257A0FF00600D99 /* Main.storyboard */,
				1D66A5B52257A10100600D99 /* Assets.xcassets */,
				1D66A5B72257A10100600D99 /* LaunchScreen.storyboard */,
				1D66A5BA2257A10100600D99 /* Info.plist */,
				1D2A21C5226F647D00C2CB9D /* BluetoothSerial.swift */,
				1D29793B2272183400BF471F /* BLEScannerTableViewController.swift */,
			);
			path = Telefocus;
			sourceTree = "<group>";
		};
		1D9CA70022A442E600A03D2F /* TelefocusTests */ = {
			isa = PBXGroup;
			children = (
				1D9CA70122A442E600A03D2F /* TelefocusTests.swift */,
				1D9CA70322A442E600A03D2F /* Info.plist */,
			);
			path = TelefocusTests;
			sourceTree = "<group>";
		};
		1DB821AE22AAD35700437DD3 /* Telefocus-Watch */ = {
			isa = PBXGroup;
			children = (
				1DB821AF22AAD35700437DD3 /* Interface.storyboard */,
				1DB821B222AAD35800437DD3 /* Assets.xcassets */,
				1DB821B422AAD35800437DD3 /* Info.plist */,
			);
			path = "Telefocus-Watch";
			sourceTree = "<group>";
		};
		1DB821BD22AAD35800437DD3 /* Telefocus-Watch Extension */ = {
			isa = PBXGroup;
			children = (
				1DB821BE22AAD35800437DD3 /* InterfaceController.swift */,
				1DB821C022AAD35800437DD3 /* ExtensionDelegate.swift */,
				1DB821C222AAD35900437DD3 /* Assets.xcassets */,
				1DB821C422AAD35900437DD3 /* Info.plist */,
			);
			path = "Telefocus-Watch Extension";
			sourceTree = "<group>";
		};
		932F8BC809AE8D726E8AA01D /* Pods */ = {
			isa = PBXGroup;
			children = (
				EAD4BB34312781351733794F /* Pods-Telefocus.debug.xcconfig */,
				E04F32495C9E44C8B18CD788 /* Pods-Telefocus.release.xcconfig */,
			);
			path = Pods;
			sourceTree = "<group>";
		};
		F3C12245340DB75FA61142C1 /* Frameworks */ = {
			isa = PBXGroup;
			children = (
				75874C344D0BF484D84B3100 /* Pods_Telefocus.framework */,
			);
			name = Frameworks;
			sourceTree = "<group>";
		};
/* End PBXGroup section */

/* Begin PBXNativeTarget section */
		1D66A5AA2257A0FF00600D99 /* Telefocus */ = {
			isa = PBXNativeTarget;
			buildConfigurationList = 1D66A5BD2257A10100600D99 /* Build configuration list for PBXNativeTarget "Telefocus" */;
			buildPhases = (
				39DB2BB410A3EF7AB74C8BE3 /* [CP] Check Pods Manifest.lock */,
				1D66A5A72257A0FF00600D99 /* Sources */,
				1D66A5A82257A0FF00600D99 /* Frameworks */,
				1D66A5A92257A0FF00600D99 /* Resources */,
				33C4A83EEA76912E9C8E950C /* [CP] Embed Pods Frameworks */,
				1DB821CF22AAD35900437DD3 /* Embed Watch Content */,
			);
			buildRules = (
			);
			dependencies = (
				1DB821C622AAD35900437DD3 /* PBXTargetDependency */,
			);
			name = Telefocus;
			productName = Telefocus;
			productReference = 1D66A5AB2257A0FF00600D99 /* Telefocus.app */;
			productType = "com.apple.product-type.application";
		};
		1D9CA6FE22A442E600A03D2F /* TelefocusTests */ = {
			isa = PBXNativeTarget;
			buildConfigurationList = 1D9CA70622A442E600A03D2F /* Build configuration list for PBXNativeTarget "TelefocusTests" */;
			buildPhases = (
				1D9CA6FB22A442E600A03D2F /* Sources */,
				1D9CA6FC22A442E600A03D2F /* Frameworks */,
				1D9CA6FD22A442E600A03D2F /* Resources */,
			);
			buildRules = (
			);
			dependencies = (
				1D9CA70522A442E600A03D2F /* PBXTargetDependency */,
			);
			name = TelefocusTests;
			productName = TelefocusTests;
			productReference = 1D9CA6FF22A442E600A03D2F /* TelefocusTests.xctest */;
			productType = "com.apple.product-type.bundle.unit-test";
		};
		1DB821AC22AAD35700437DD3 /* Telefocus-Watch */ = {
			isa = PBXNativeTarget;
			buildConfigurationList = 1DB821CE22AAD35900437DD3 /* Build configuration list for PBXNativeTarget "Telefocus-Watch" */;
			buildPhases = (
				1DB821AB22AAD35700437DD3 /* Resources */,
				1DB821CD22AAD35900437DD3 /* Embed App Extensions */,
			);
			buildRules = (
			);
			dependencies = (
				1DB821BC22AAD35800437DD3 /* PBXTargetDependency */,
			);
			name = "Telefocus-Watch";
			productName = "Telefocus-Watch";
			productReference = 1DB821AD22AAD35700437DD3 /* Telefocus-Watch.app */;
			productType = "com.apple.product-type.application.watchapp2";
		};
		1DB821B822AAD35800437DD3 /* Telefocus-Watch Extension */ = {
			isa = PBXNativeTarget;
			buildConfigurationList = 1DB821CC22AAD35900437DD3 /* Build configuration list for PBXNativeTarget "Telefocus-Watch Extension" */;
			buildPhases = (
				1DB821B522AAD35800437DD3 /* Sources */,
				1DB821B622AAD35800437DD3 /* Frameworks */,
				1DB821B722AAD35800437DD3 /* Resources */,
			);
			buildRules = (
			);
			dependencies = (
			);
			name = "Telefocus-Watch Extension";
			productName = "Telefocus-Watch Extension";
			productReference = 1DB821B922AAD35800437DD3 /* Telefocus-Watch Extension.appex */;
			productType = "com.apple.product-type.watchkit2-extension";
		};
/* End PBXNativeTarget section */

/* Begin PBXProject section */
		1D66A5A32257A0FF00600D99 /* Project object */ = {
			isa = PBXProject;
			attributes = {
				LastSwiftUpdateCheck = 1020;
				LastUpgradeCheck = 1020;
				ORGANIZATIONNAME = "Dakota Kim";
				TargetAttributes = {
					1D66A5AA2257A0FF00600D99 = {
						CreatedOnToolsVersion = 10.2;
					};
					1D9CA6FE22A442E600A03D2F = {
						CreatedOnToolsVersion = 10.2.1;
						TestTargetID = 1D66A5AA2257A0FF00600D99;
					};
					1DB821AC22AAD35700437DD3 = {
						CreatedOnToolsVersion = 10.2.1;
					};
					1DB821B822AAD35800437DD3 = {
						CreatedOnToolsVersion = 10.2.1;
					};
				};
			};
			buildConfigurationList = 1D66A5A62257A0FF00600D99 /* Build configuration list for PBXProject "Telefocus" */;
			compatibilityVersion = "Xcode 9.3";
			developmentRegion = en;
			hasScannedForEncodings = 0;
			knownRegions = (
				en,
				Base,
			);
			mainGroup = 1D66A5A22257A0FF00600D99;
			productRefGroup = 1D66A5AC2257A0FF00600D99 /* Products */;
			projectDirPath = "";
			projectRoot = "";
			targets = (
				1D66A5AA2257A0FF00600D99 /* Telefocus */,
				1D9CA6FE22A442E600A03D2F /* TelefocusTests */,
				1DB821AC22AAD35700437DD3 /* Telefocus-Watch */,
				1DB821B822AAD35800437DD3 /* Telefocus-Watch Extension */,
			);
		};
/* End PBXProject section */

/* Begin PBXResourcesBuildPhase section */
		1D66A5A92257A0FF00600D99 /* Resources */ = {
			isa = PBXResourcesBuildPhase;
			buildActionMask = 2147483647;
			files = (
				1D66A5B92257A10100600D99 /* LaunchScreen.storyboard in Resources */,
				1D66A5B62257A10100600D99 /* Assets.xcassets in Resources */,
				1D66A5B42257A0FF00600D99 /* Main.storyboard in Resources */,
			);
			runOnlyForDeploymentPostprocessing = 0;
		};
		1D9CA6FD22A442E600A03D2F /* Resources */ = {
			isa = PBXResourcesBuildPhase;
			buildActionMask = 2147483647;
			files = (
			);
			runOnlyForDeploymentPostprocessing = 0;
		};
		1DB821AB22AAD35700437DD3 /* Resources */ = {
			isa = PBXResourcesBuildPhase;
			buildActionMask = 2147483647;
			files = (
				1DB821B322AAD35800437DD3 /* Assets.xcassets in Resources */,
				1DB821B122AAD35700437DD3 /* Interface.storyboard in Resources */,
			);
			runOnlyForDeploymentPostprocessing = 0;
		};
		1DB821B722AAD35800437DD3 /* Resources */ = {
			isa = PBXResourcesBuildPhase;
			buildActionMask = 2147483647;
			files = (
				1DB821C322AAD35900437DD3 /* Assets.xcassets in Resources */,
			);
			runOnlyForDeploymentPostprocessing = 0;
		};
/* End PBXResourcesBuildPhase section */

/* Begin PBXShellScriptBuildPhase section */
		33C4A83EEA76912E9C8E950C /* [CP] Embed Pods Frameworks */ = {
			isa = PBXShellScriptBuildPhase;
			buildActionMask = 2147483647;
			files = (
			);
			inputFileListPaths = (
			);
			inputPaths = (
				"${PODS_ROOT}/Target Support Files/Pods-Telefocus/Pods-Telefocus-frameworks.sh",
				"${BUILT_PRODUCTS_DIR}/MBProgressHUD/MBProgressHUD.framework",
				"${BUILT_PRODUCTS_DIR}/PureLayout/PureLayout.framework",
				"${BUILT_PRODUCTS_DIR}/fluid-slider/fluid_slider.framework",
				"${BUILT_PRODUCTS_DIR}/pop/pop.framework",
			);
			name = "[CP] Embed Pods Frameworks";
			outputFileListPaths = (
			);
			outputPaths = (
				"${TARGET_BUILD_DIR}/${FRAMEWORKS_FOLDER_PATH}/MBProgressHUD.framework",
				"${TARGET_BUILD_DIR}/${FRAMEWORKS_FOLDER_PATH}/PureLayout.framework",
				"${TARGET_BUILD_DIR}/${FRAMEWORKS_FOLDER_PATH}/fluid_slider.framework",
				"${TARGET_BUILD_DIR}/${FRAMEWORKS_FOLDER_PATH}/pop.framework",
			);
			runOnlyForDeploymentPostprocessing = 0;
			shellPath = /bin/sh;
			shellScript = "\"${PODS_ROOT}/Target Support Files/Pods-Telefocus/Pods-Telefocus-frameworks.sh\"\n";
			showEnvVarsInLog = 0;
		};
		39DB2BB410A3EF7AB74C8BE3 /* [CP] Check Pods Manifest.lock */ = {
			isa = PBXShellScriptBuildPhase;
			buildActionMask = 2147483647;
			files = (
			);
			inputFileListPaths = (
			);
			inputPaths = (
				"${PODS_PODFILE_DIR_PATH}/Podfile.lock",
				"${PODS_ROOT}/Manifest.lock",
			);
			name = "[CP] Check Pods Manifest.lock";
			outputFileListPaths = (
			);
			outputPaths = (
				"$(DERIVED_FILE_DIR)/Pods-Telefocus-checkManifestLockResult.txt",
			);
			runOnlyForDeploymentPostprocessing = 0;
			shellPath = /bin/sh;
			shellScript = "diff \"${PODS_PODFILE_DIR_PATH}/Podfile.lock\" \"${PODS_ROOT}/Manifest.lock\" > /dev/null\nif [ $? != 0 ] ; then\n    # print error to STDERR\n    echo \"error: The sandbox is not in sync with the Podfile.lock. Run 'pod install' or update your CocoaPods installation.\" >&2\n    exit 1\nfi\n# This output is used by Xcode 'outputs' to avoid re-running this script phase.\necho \"SUCCESS\" > \"${SCRIPT_OUTPUT_FILE_0}\"\n";
			showEnvVarsInLog = 0;
		};
/* End PBXShellScriptBuildPhase section */

/* Begin PBXSourcesBuildPhase section */
		1D66A5A72257A0FF00600D99 /* Sources */ = {
			isa = PBXSourcesBuildPhase;
			buildActionMask = 2147483647;
			files = (
				1D66A5B12257A0FF00600D99 /* TelefocusViewController.swift in Sources */,
				1D66A5AF2257A0FF00600D99 /* AppDelegate.swift in Sources */,
				1D29793C2272183400BF471F /* BLEScannerTableViewController.swift in Sources */,
				1D2A21C6226F647D00C2CB9D /* BluetoothSerial.swift in Sources */,
			);
			runOnlyForDeploymentPostprocessing = 0;
		};
		1D9CA6FB22A442E600A03D2F /* Sources */ = {
			isa = PBXSourcesBuildPhase;
			buildActionMask = 2147483647;
			files = (
				1D9CA70222A442E600A03D2F /* TelefocusTests.swift in Sources */,
			);
			runOnlyForDeploymentPostprocessing = 0;
		};
		1DB821B522AAD35800437DD3 /* Sources */ = {
			isa = PBXSourcesBuildPhase;
			buildActionMask = 2147483647;
			files = (
				1DB821C122AAD35800437DD3 /* ExtensionDelegate.swift in Sources */,
				1DB821BF22AAD35800437DD3 /* InterfaceController.swift in Sources */,
			);
			runOnlyForDeploymentPostprocessing = 0;
		};
/* End PBXSourcesBuildPhase section */

/* Begin PBXTargetDependency section */
		1D9CA70522A442E600A03D2F /* PBXTargetDependency */ = {
			isa = PBXTargetDependency;
			target = 1D66A5AA2257A0FF00600D99 /* Telefocus */;
			targetProxy = 1D9CA70422A442E600A03D2F /* PBXContainerItemProxy */;
		};
		1DB821BC22AAD35800437DD3 /* PBXTargetDependency */ = {
			isa = PBXTargetDependency;
			target = 1DB821B822AAD35800437DD3 /* Telefocus-Watch Extension */;
			targetProxy = 1DB821BB22AAD35800437DD3 /* PBXContainerItemProxy */;
		};
		1DB821C622AAD35900437DD3 /* PBXTargetDependency */ = {
			isa = PBXTargetDependency;
			target = 1DB821AC22AAD35700437DD3 /* Telefocus-Watch */;
			targetProxy = 1DB821C522AAD35900437DD3 /* PBXContainerItemProxy */;
		};
/* End PBXTargetDependency section */

/* Begin PBXVariantGroup section */
		1D66A5B22257A0FF00600D99 /* Main.storyboard */ = {
			isa = PBXVariantGroup;
			children = (
				1D66A5B32257A0FF00600D99 /* Base */,
			);
			name = Main.storyboard;
			sourceTree = "<group>";
		};
		1D66A5B72257A10100600D99 /* LaunchScreen.storyboard */ = {
			isa = PBXVariantGroup;
			children = (
				1D66A5B82257A10100600D99 /* Base */,
			);
			name = LaunchScreen.storyboard;
			sourceTree = "<group>";
		};
		1DB821AF22AAD35700437DD3 /* Interface.storyboard */ = {
			isa = PBXVariantGroup;
			children = (
				1DB821B022AAD35700437DD3 /* Base */,
			);
			name = Interface.storyboard;
			sourceTree = "<group>";
		};
/* End PBXVariantGroup section */

/* Begin XCBuildConfiguration section */
		1D66A5BB2257A10100600D99 /* Debug */ = {
			isa = XCBuildConfiguration;
			buildSettings = {
				ALWAYS_SEARCH_USER_PATHS = NO;
				CLANG_ANALYZER_NONNULL = YES;
				CLANG_ANALYZER_NUMBER_OBJECT_CONVERSION = YES_AGGRESSIVE;
				CLANG_CXX_LANGUAGE_STANDARD = "gnu++14";
				CLANG_CXX_LIBRARY = "libc++";
				CLANG_ENABLE_MODULES = YES;
				CLANG_ENABLE_OBJC_ARC = YES;
				CLANG_ENABLE_OBJC_WEAK = YES;
				CLANG_WARN_BLOCK_CAPTURE_AUTORELEASING = YES;
				CLANG_WARN_BOOL_CONVERSION = YES;
				CLANG_WARN_COMMA = YES;
				CLANG_WARN_CONSTANT_CONVERSION = YES;
				CLANG_WARN_DEPRECATED_OBJC_IMPLEMENTATIONS = YES;
				CLANG_WARN_DIRECT_OBJC_ISA_USAGE = YES_ERROR;
				CLANG_WARN_DOCUMENTATION_COMMENTS = YES;
				CLANG_WARN_EMPTY_BODY = YES;
				CLANG_WARN_ENUM_CONVERSION = YES;
				CLANG_WARN_INFINITE_RECURSION = YES;
				CLANG_WARN_INT_CONVERSION = YES;
				CLANG_WARN_NON_LITERAL_NULL_CONVERSION = YES;
				CLANG_WARN_OBJC_IMPLICIT_RETAIN_SELF = YES;
				CLANG_WARN_OBJC_LITERAL_CONVERSION = YES;
				CLANG_WARN_OBJC_ROOT_CLASS = YES_ERROR;
				CLANG_WARN_RANGE_LOOP_ANALYSIS = YES;
				CLANG_WARN_STRICT_PROTOTYPES = YES;
				CLANG_WARN_SUSPICIOUS_MOVE = YES;
				CLANG_WARN_UNGUARDED_AVAILABILITY = YES_AGGRESSIVE;
				CLANG_WARN_UNREACHABLE_CODE = YES;
				CLANG_WARN__DUPLICATE_METHOD_MATCH = YES;
				CODE_SIGN_IDENTITY = "iPhone Developer";
				COPY_PHASE_STRIP = NO;
				DEBUG_INFORMATION_FORMAT = dwarf;
				ENABLE_STRICT_OBJC_MSGSEND = YES;
				ENABLE_TESTABILITY = YES;
				GCC_C_LANGUAGE_STANDARD = gnu11;
				GCC_DYNAMIC_NO_PIC = NO;
				GCC_NO_COMMON_BLOCKS = YES;
				GCC_OPTIMIZATION_LEVEL = 0;
				GCC_PREPROCESSOR_DEFINITIONS = (
					"DEBUG=1",
					"$(inherited)",
				);
				GCC_WARN_64_TO_32_BIT_CONVERSION = YES;
				GCC_WARN_ABOUT_RETURN_TYPE = YES_ERROR;
				GCC_WARN_UNDECLARED_SELECTOR = YES;
				GCC_WARN_UNINITIALIZED_AUTOS = YES_AGGRESSIVE;
				GCC_WARN_UNUSED_FUNCTION = YES;
				GCC_WARN_UNUSED_VARIABLE = YES;
				IPHONEOS_DEPLOYMENT_TARGET = 12.2;
				MTL_ENABLE_DEBUG_INFO = INCLUDE_SOURCE;
				MTL_FAST_MATH = YES;
				ONLY_ACTIVE_ARCH = YES;
				SDKROOT = iphoneos;
				SWIFT_ACTIVE_COMPILATION_CONDITIONS = DEBUG;
				SWIFT_OPTIMIZATION_LEVEL = "-Onone";
			};
			name = Debug;
		};
		1D66A5BC2257A10100600D99 /* Release */ = {
			isa = XCBuildConfiguration;
			buildSettings = {
				ALWAYS_SEARCH_USER_PATHS = NO;
				CLANG_ANALYZER_NONNULL = YES;
				CLANG_ANALYZER_NUMBER_OBJECT_CONVERSION = YES_AGGRESSIVE;
				CLANG_CXX_LANGUAGE_STANDARD = "gnu++14";
				CLANG_CXX_LIBRARY = "libc++";
				CLANG_ENABLE_MODULES = YES;
				CLANG_ENABLE_OBJC_ARC = YES;
				CLANG_ENABLE_OBJC_WEAK = YES;
				CLANG_WARN_BLOCK_CAPTURE_AUTORELEASING = YES;
				CLANG_WARN_BOOL_CONVERSION = YES;
				CLANG_WARN_COMMA = YES;
				CLANG_WARN_CONSTANT_CONVERSION = YES;
				CLANG_WARN_DEPRECATED_OBJC_IMPLEMENTATIONS = YES;
				CLANG_WARN_DIRECT_OBJC_ISA_USAGE = YES_ERROR;
				CLANG_WARN_DOCUMENTATION_COMMENTS = YES;
				CLANG_WARN_EMPTY_BODY = YES;
				CLANG_WARN_ENUM_CONVERSION = YES;
				CLANG_WARN_INFINITE_RECURSION = YES;
				CLANG_WARN_INT_CONVERSION = YES;
				CLANG_WARN_NON_LITERAL_NULL_CONVERSION = YES;
				CLANG_WARN_OBJC_IMPLICIT_RETAIN_SELF = YES;
				CLANG_WARN_OBJC_LITERAL_CONVERSION = YES;
				CLANG_WARN_OBJC_ROOT_CLASS = YES_ERROR;
				CLANG_WARN_RANGE_LOOP_ANALYSIS = YES;
				CLANG_WARN_STRICT_PROTOTYPES = YES;
				CLANG_WARN_SUSPICIOUS_MOVE = YES;
				CLANG_WARN_UNGUARDED_AVAILABILITY = YES_AGGRESSIVE;
				CLANG_WARN_UNREACHABLE_CODE = YES;
				CLANG_WARN__DUPLICATE_METHOD_MATCH = YES;
				CODE_SIGN_IDENTITY = "iPhone Developer";
				COPY_PHASE_STRIP = NO;
				DEBUG_INFORMATION_FORMAT = "dwarf-with-dsym";
				ENABLE_NS_ASSERTIONS = NO;
				ENABLE_STRICT_OBJC_MSGSEND = YES;
				GCC_C_LANGUAGE_STANDARD = gnu11;
				GCC_NO_COMMON_BLOCKS = YES;
				GCC_WARN_64_TO_32_BIT_CONVERSION = YES;
				GCC_WARN_ABOUT_RETURN_TYPE = YES_ERROR;
				GCC_WARN_UNDECLARED_SELECTOR = YES;
				GCC_WARN_UNINITIALIZED_AUTOS = YES_AGGRESSIVE;
				GCC_WARN_UNUSED_FUNCTION = YES;
				GCC_WARN_UNUSED_VARIABLE = YES;
				IPHONEOS_DEPLOYMENT_TARGET = 12.2;
				MTL_ENABLE_DEBUG_INFO = NO;
				MTL_FAST_MATH = YES;
				SDKROOT = iphoneos;
				SWIFT_COMPILATION_MODE = wholemodule;
				SWIFT_OPTIMIZATION_LEVEL = "-O";
				VALIDATE_PRODUCT = YES;
			};
			name = Release;
		};
		1D66A5BE2257A10100600D99 /* Debug */ = {
			isa = XCBuildConfiguration;
			baseConfigurationReference = EAD4BB34312781351733794F /* Pods-Telefocus.debug.xcconfig */;
			buildSettings = {
				ASSETCATALOG_COMPILER_APPICON_NAME = AppIcon;
				CODE_SIGN_STYLE = Automatic;
				DEVELOPMENT_TEAM = ZU78LZES28;
				INFOPLIST_FILE = Telefocus/Info.plist;
				LD_RUNPATH_SEARCH_PATHS = (
					"$(inherited)",
					"@executable_path/Frameworks",
				);
				PRODUCT_BUNDLE_IDENTIFIER = com.dakotakim.Telefocus;
				PRODUCT_NAME = "$(TARGET_NAME)";
				SWIFT_VERSION = 5.0;
				TARGETED_DEVICE_FAMILY = "1,2";
			};
			name = Debug;
		};
		1D66A5BF2257A10100600D99 /* Release */ = {
			isa = XCBuildConfiguration;
			baseConfigurationReference = E04F32495C9E44C8B18CD788 /* Pods-Telefocus.release.xcconfig */;
			buildSettings = {
				ASSETCATALOG_COMPILER_APPICON_NAME = AppIcon;
				CODE_SIGN_STYLE = Automatic;
				DEVELOPMENT_TEAM = ZU78LZES28;
				INFOPLIST_FILE = Telefocus/Info.plist;
				LD_RUNPATH_SEARCH_PATHS = (
					"$(inherited)",
					"@executable_path/Frameworks",
				);
				PRODUCT_BUNDLE_IDENTIFIER = com.dakotakim.Telefocus;
				PRODUCT_NAME = "$(TARGET_NAME)";
				SWIFT_VERSION = 5.0;
				TARGETED_DEVICE_FAMILY = "1,2";
			};
			name = Release;
		};
		1D9CA70722A442E600A03D2F /* Debug */ = {
			isa = XCBuildConfiguration;
			buildSettings = {
				BUNDLE_LOADER = "$(TEST_HOST)";
				CODE_SIGN_STYLE = Automatic;
				DEVELOPMENT_TEAM = ZU78LZES28;
				INFOPLIST_FILE = TelefocusTests/Info.plist;
				LD_RUNPATH_SEARCH_PATHS = (
					"$(inherited)",
					"@executable_path/Frameworks",
					"@loader_path/Frameworks",
				);
				PRODUCT_BUNDLE_IDENTIFIER = com.dakotakim.TelefocusTests;
				PRODUCT_NAME = "$(TARGET_NAME)";
				SWIFT_VERSION = 5.0;
				TARGETED_DEVICE_FAMILY = "1,2";
				TEST_HOST = "$(BUILT_PRODUCTS_DIR)/Telefocus.app/Telefocus";
			};
			name = Debug;
		};
		1D9CA70822A442E600A03D2F /* Release */ = {
			isa = XCBuildConfiguration;
			buildSettings = {
				BUNDLE_LOADER = "$(TEST_HOST)";
				CODE_SIGN_STYLE = Automatic;
				DEVELOPMENT_TEAM = ZU78LZES28;
				INFOPLIST_FILE = TelefocusTests/Info.plist;
				LD_RUNPATH_SEARCH_PATHS = (
					"$(inherited)",
					"@executable_path/Frameworks",
					"@loader_path/Frameworks",
				);
				PRODUCT_BUNDLE_IDENTIFIER = com.dakotakim.TelefocusTests;
				PRODUCT_NAME = "$(TARGET_NAME)";
				SWIFT_VERSION = 5.0;
				TARGETED_DEVICE_FAMILY = "1,2";
				TEST_HOST = "$(BUILT_PRODUCTS_DIR)/Telefocus.app/Telefocus";
			};
			name = Release;
		};
		1DB821C822AAD35900437DD3 /* Debug */ = {
			isa = XCBuildConfiguration;
			buildSettings = {
				ALWAYS_EMBED_SWIFT_STANDARD_LIBRARIES = YES;
				ASSETCATALOG_COMPILER_APPICON_NAME = AppIcon;
				CODE_SIGN_STYLE = Automatic;
				DEVELOPMENT_TEAM = ZU78LZES28;
				IBSC_MODULE = Telefocus_Watch_Extension;
				INFOPLIST_FILE = "Telefocus-Watch/Info.plist";
				PRODUCT_BUNDLE_IDENTIFIER = com.dakotakim.dog.Telefocus.watchkitapp;
				PRODUCT_NAME = "$(TARGET_NAME)";
				SDKROOT = watchos;
				SKIP_INSTALL = YES;
				SWIFT_VERSION = 5.0;
				TARGETED_DEVICE_FAMILY = 4;
				WATCHOS_DEPLOYMENT_TARGET = 5.2;
			};
			name = Debug;
		};
		1DB821C922AAD35900437DD3 /* Release */ = {
			isa = XCBuildConfiguration;
			buildSettings = {
				ALWAYS_EMBED_SWIFT_STANDARD_LIBRARIES = YES;
				ASSETCATALOG_COMPILER_APPICON_NAME = AppIcon;
				CODE_SIGN_STYLE = Automatic;
				DEVELOPMENT_TEAM = ZU78LZES28;
				IBSC_MODULE = Telefocus_Watch_Extension;
				INFOPLIST_FILE = "Telefocus-Watch/Info.plist";
				PRODUCT_BUNDLE_IDENTIFIER = com.dakotakim.dog.Telefocus.watchkitapp;
				PRODUCT_NAME = "$(TARGET_NAME)";
				SDKROOT = watchos;
				SKIP_INSTALL = YES;
				SWIFT_VERSION = 5.0;
				TARGETED_DEVICE_FAMILY = 4;
				WATCHOS_DEPLOYMENT_TARGET = 5.2;
			};
			name = Release;
		};
		1DB821CA22AAD35900437DD3 /* Debug */ = {
			isa = XCBuildConfiguration;
			buildSettings = {
				ASSETCATALOG_COMPILER_COMPLICATION_NAME = Complication;
				CODE_SIGN_STYLE = Automatic;
				DEVELOPMENT_TEAM = ZU78LZES28;
				INFOPLIST_FILE = "Telefocus-Watch Extension/Info.plist";
				LD_RUNPATH_SEARCH_PATHS = (
					"$(inherited)",
					"@executable_path/Frameworks",
					"@executable_path/../../Frameworks",
				);
				PRODUCT_BUNDLE_IDENTIFIER = com.dakotakim.Telefocus.watchkitapp;
				PRODUCT_NAME = "${TARGET_NAME}";
				SDKROOT = watchos;
				SKIP_INSTALL = YES;
				SWIFT_VERSION = 5.0;
				TARGETED_DEVICE_FAMILY = 4;
				WATCHOS_DEPLOYMENT_TARGET = 5.2;
			};
			name = Debug;
		};
		1DB821CB22AAD35900437DD3 /* Release */ = {
			isa = XCBuildConfiguration;
			buildSettings = {
				ASSETCATALOG_COMPILER_COMPLICATION_NAME = Complication;
				CODE_SIGN_STYLE = Automatic;
				DEVELOPMENT_TEAM = ZU78LZES28;
				INFOPLIST_FILE = "Telefocus-Watch Extension/Info.plist";
				LD_RUNPATH_SEARCH_PATHS = (
					"$(inherited)",
					"@executable_path/Frameworks",
					"@executable_path/../../Frameworks",
				);
				PRODUCT_BUNDLE_IDENTIFIER = com.dakotakim.Telefocus.watchkitapp;
				PRODUCT_NAME = "${TARGET_NAME}";
				SDKROOT = watchos;
				SKIP_INSTALL = YES;
				SWIFT_VERSION = 5.0;
				TARGETED_DEVICE_FAMILY = 4;
				WATCHOS_DEPLOYMENT_TARGET = 5.2;
			};
			name = Release;
		};
/* End XCBuildConfiguration section */

/* Begin XCConfigurationList section */
		1D66A5A62257A0FF00600D99 /* Build configuration list for PBXProject "Telefocus" */ = {
			isa = XCConfigurationList;
			buildConfigurations = (
				1D66A5BB2257A10100600D99 /* Debug */,
				1D66A5BC2257A10100600D99 /* Release */,
			);
			defaultConfigurationIsVisible = 0;
			defaultConfigurationName = Release;
		};
		1D66A5BD2257A10100600D99 /* Build configuration list for PBXNativeTarget "Telefocus" */ = {
			isa = XCConfigurationList;
			buildConfigurations = (
				1D66A5BE2257A10100600D99 /* Debug */,
				1D66A5BF2257A10100600D99 /* Release */,
			);
			defaultConfigurationIsVisible = 0;
			defaultConfigurationName = Release;
		};
		1D9CA70622A442E600A03D2F /* Build configuration list for PBXNativeTarget "TelefocusTests" */ = {
			isa = XCConfigurationList;
			buildConfigurations = (
				1D9CA70722A442E600A03D2F /* Debug */,
				1D9CA70822A442E600A03D2F /* Release */,
			);
			defaultConfigurationIsVisible = 0;
			defaultConfigurationName = Release;
		};
		1DB821CC22AAD35900437DD3 /* Build configuration list for PBXNativeTarget "Telefocus-Watch Extension" */ = {
			isa = XCConfigurationList;
			buildConfigurations = (
				1DB821CA22AAD35900437DD3 /* Debug */,
				1DB821CB22AAD35900437DD3 /* Release */,
			);
			defaultConfigurationIsVisible = 0;
			defaultConfigurationName = Release;
		};
		1DB821CE22AAD35900437DD3 /* Build configuration list for PBXNativeTarget "Telefocus-Watch" */ = {
			isa = XCConfigurationList;
			buildConfigurations = (
				1DB821C822AAD35900437DD3 /* Debug */,
				1DB821C922AAD35900437DD3 /* Release */,
			);
			defaultConfigurationIsVisible = 0;
			defaultConfigurationName = Release;
		};
/* End XCConfigurationList section */
	};
	rootObject = 1D66A5A32257A0FF00600D99 /* Project object */;
}
